
Microsoft Visual Studio Solution File, Format Version 12.00
# Visual Studio Version 17
VisualStudioVersion = 17.8.34330.188
MinimumVisualStudioVersion = 10.0.40219.1
Project("{8BC9CEB8-8B4A-11D0-8D11-00A0C91BC942}") = "WinAPI", "WinAPI\WinAPI.vcxproj", "{FE7E75BD-DB4E-41A0-9561-B9BDEA721780}"
EndProject
Project("{8BC9CEB8-8B4A-11D0-8D11-00A0C91BC942}") = "DialogBox", "DialogBox\DialogBox.vcxproj", "{D9F14EDC-E5C3-46CC-B638-1AB2500FDF00}"
EndProject
Project("{8BC9CEB8-8B4A-11D0-8D11-00A0C91BC942}") = "ComboBox", "ComboBox\ComboBox.vcxproj", "{32963CF2-15C8-4F10-939F-87C1D4484D62}"
EndProject
Project("{8BC9CEB8-8B4A-11D0-8D11-00A0C91BC942}") = "Concatenator", "Concatenator\Concatenator.vcxproj", "{087024CB-A697-427E-A881-0D06ADC04ABF}"
EndProject
Project("{8BC9CEB8-8B4A-11D0-8D11-00A0C91BC942}") = "ListBox", "ListBox\ListBox.vcxproj", "{A0E4B454-5638-44B9-84B6-991D585F523F}"
EndProject
Project("{8BC9CEB8-8B4A-11D0-8D11-00A0C91BC942}") = "MainWindow", "MainWindow\MainWindow.vcxproj", "{4BAD80D9-97C8-4F8C-8C74-7BA9659F752D}"
EndProject
Project("{8BC9CEB8-8B4A-11D0-8D11-00A0C91BC942}") = "Calc", "Calc\Calc.vcxproj", "{013437A4-BA4D-4B9E-B821-BC8E7534B754}"
EndProject
Global
	GlobalSection(SolutionConfigurationPlatforms) = preSolution
		Debug|x64 = Debug|x64
		Debug|x86 = Debug|x86
		Release|x64 = Release|x64
		Release|x86 = Release|x86
	EndGlobalSection
	GlobalSection(ProjectConfigurationPlatforms) = postSolution
		{FE7E75BD-DB4E-41A0-9561-B9BDEA721780}.Debug|x64.ActiveCfg = Debug|x64
		{FE7E75BD-DB4E-41A0-9561-B9BDEA721780}.Debug|x64.Build.0 = Debug|x64
		{FE7E75BD-DB4E-41A0-9561-B9BDEA721780}.Debug|x86.ActiveCfg = Debug|Win32
		{FE7E75BD-DB4E-41A0-9561-B9BDEA721780}.Debug|x86.Build.0 = Debug|Win32
		{FE7E75BD-DB4E-41A0-9561-B9BDEA721780}.Release|x64.ActiveCfg = Release|x64
		{FE7E75BD-DB4E-41A0-9561-B9BDEA721780}.Release|x64.Build.0 = Release|x64
		{FE7E75BD-DB4E-41A0-9561-B9BDEA721780}.Release|x86.ActiveCfg = Release|Win32
		{FE7E75BD-DB4E-41A0-9561-B9BDEA721780}.Release|x86.Build.0 = Release|Win32
		{D9F14EDC-E5C3-46CC-B638-1AB2500FDF00}.Debug|x64.ActiveCfg = Debug|x64
		{D9F14EDC-E5C3-46CC-B638-1AB2500FDF00}.Debug|x64.Build.0 = Debug|x64
		{D9F14EDC-E5C3-46CC-B638-1AB2500FDF00}.Debug|x86.ActiveCfg = Debug|Win32
		{D9F14EDC-E5C3-46CC-B638-1AB2500FDF00}.Debug|x86.Build.0 = Debug|Win32
		{D9F14EDC-E5C3-46CC-B638-1AB2500FDF00}.Release|x64.ActiveCfg = Release|x64
		{D9F14EDC-E5C3-46CC-B638-1AB2500FDF00}.Release|x64.Build.0 = Release|x64
		{D9F14EDC-E5C3-46CC-B638-1AB2500FDF00}.Release|x86.ActiveCfg = Release|Win32
		{D9F14EDC-E5C3-46CC-B638-1AB2500FDF00}.Release|x86.Build.0 = Release|Win32
		{32963CF2-15C8-4F10-939F-87C1D4484D62}.Debug|x64.ActiveCfg = Debug|x64
		{32963CF2-15C8-4F10-939F-87C1D4484D62}.Debug|x64.Build.0 = Debug|x64
		{32963CF2-15C8-4F10-939F-87C1D4484D62}.Debug|x86.ActiveCfg = Debug|Win32
		{32963CF2-15C8-4F10-939F-87C1D4484D62}.Debug|x86.Build.0 = Debug|Win32
		{32963CF2-15C8-4F10-939F-87C1D4484D62}.Release|x64.ActiveCfg = Release|x64
		{32963CF2-15C8-4F10-939F-87C1D4484D62}.Release|x64.Build.0 = Release|x64
		{32963CF2-15C8-4F10-939F-87C1D4484D62}.Release|x86.ActiveCfg = Release|Win32
		{32963CF2-15C8-4F10-939F-87C1D4484D62}.Release|x86.Build.0 = Release|Win32
		{087024CB-A697-427E-A881-0D06ADC04ABF}.Debug|x64.ActiveCfg = Debug|x64
		{087024CB-A697-427E-A881-0D06ADC04ABF}.Debug|x64.Build.0 = Debug|x64
		{087024CB-A697-427E-A881-0D06ADC04ABF}.Debug|x86.ActiveCfg = Debug|Win32
		{087024CB-A697-427E-A881-0D06ADC04ABF}.Debug|x86.Build.0 = Debug|Win32
		{087024CB-A697-427E-A881-0D06ADC04ABF}.Release|x64.ActiveCfg = Release|x64
		{087024CB-A697-427E-A881-0D06ADC04ABF}.Release|x64.Build.0 = Release|x64
		{087024CB-A697-427E-A881-0D06ADC04ABF}.Release|x86.ActiveCfg = Release|Win32
		{087024CB-A697-427E-A881-0D06ADC04ABF}.Release|x86.Build.0 = Release|Win32
		{A0E4B454-5638-44B9-84B6-991D585F523F}.Debug|x64.ActiveCfg = Debug|x64
		{A0E4B454-5638-44B9-84B6-991D585F523F}.Debug|x64.Build.0 = Debug|x64
		{A0E4B454-5638-44B9-84B6-991D585F523F}.Debug|x86.ActiveCfg = Debug|Win32
		{A0E4B454-5638-44B9-84B6-991D585F523F}.Debug|x86.Build.0 = Debug|Win32
		{A0E4B454-5638-44B9-84B6-991D585F523F}.Release|x64.ActiveCfg = Release|x64
		{A0E4B454-5638-44B9-84B6-991D585F523F}.Release|x64.Build.0 = Release|x64
		{A0E4B454-5638-44B9-84B6-991D585F523F}.Release|x86.ActiveCfg = Release|Win32
		{A0E4B454-5638-44B9-84B6-991D585F523F}.Release|x86.Build.0 = Release|Win32
		{4BAD80D9-97C8-4F8C-8C74-7BA9659F752D}.Debug|x64.ActiveCfg = Debug|x64
		{4BAD80D9-97C8-4F8C-8C74-7BA9659F752D}.Debug|x64.Build.0 = Debug|x64
		{4BAD80D9-97C8-4F8C-8C74-7BA9659F752D}.Debug|x86.ActiveCfg = Debug|Win32
		{4BAD80D9-97C8-4F8C-8C74-7BA9659F752D}.Debug|x86.Build.0 = Debug|Win32
		{4BAD80D9-97C8-4F8C-8C74-7BA9659F752D}.Release|x64.ActiveCfg = Release|x64
		{4BAD80D9-97C8-4F8C-8C74-7BA9659F752D}.Release|x64.Build.0 = Release|x64
		{4BAD80D9-97C8-4F8C-8C74-7BA9659F752D}.Release|x86.ActiveCfg = Release|Win32
		{4BAD80D9-97C8-4F8C-8C74-7BA9659F752D}.Release|x86.Build.0 = Release|Win32
		{013437A4-BA4D-4B9E-B821-BC8E7534B754}.Debug|x64.ActiveCfg = Debug|x64
		{013437A4-BA4D-4B9E-B821-BC8E7534B754}.Debug|x64.Build.0 = Debug|x64
		{013437A4-BA4D-4B9E-B821-BC8E7534B754}.Debug|x86.ActiveCfg = Debug|Win32
		{013437A4-BA4D-4B9E-B821-BC8E7534B754}.Debug|x86.Build.0 = Debug|Win32
		{013437A4-BA4D-4B9E-B821-BC8E7534B754}.Release|x64.ActiveCfg = Release|x64
		{013437A4-BA4D-4B9E-B821-BC8E7534B754}.Release|x64.Build.0 = Release|x64
		{013437A4-BA4D-4B9E-B821-BC8E7534B754}.Release|x86.ActiveCfg = Release|Win32
		{013437A4-BA4D-4B9E-B821-BC8E7534B754}.Release|x86.Build.0 = Release|Win32
	EndGlobalSection
	GlobalSection(SolutionProperties) = preSolution
		HideSolutionNode = FALSE
	EndGlobalSection
	GlobalSection(ExtensibilityGlobals) = postSolution
		SolutionGuid = {2245B6B9-3ADC-42F1-BD8D-7962C4D4E188}
	EndGlobalSection
EndGlobal
